
Microsoft Visual Studio Solution File, Format Version 12.00
# Visual Studio Version 16
VisualStudioVersion = 16.0.30011.22
MinimumVisualStudioVersion = 10.0.40219.1
Project("{FAE04EC0-301F-11D3-BF4B-00C04F79EFBC}") = "ProyectDW", "ProyectDW2\ProyectDW.csproj", "{E2427AFD-911B-4D75-B5E7-CE31C172D1B5}"
EndProject
Project("{FAE04EC0-301F-11D3-BF4B-00C04F79EFBC}") = "CapaDatos", "CapaDatos\CapaDatos.csproj", "{438F14A1-3E76-4549-AFBF-7E161ACDAE5A}"
EndProject
Project("{FAE04EC0-301F-11D3-BF4B-00C04F79EFBC}") = "ServicesWFC", "ServicesWFC\ServicesWFC.csproj", "{E20F12CE-C553-4057-B16A-6FAF11BE9EB4}"
EndProject
Project("{FAE04EC0-301F-11D3-BF4B-00C04F79EFBC}") = "ServiciosApi", "ServiciosApi\ServiciosApi.csproj", "{76B7BFEF-28BB-4B3C-B8F6-FB8A46F407F3}"
EndProject
Project("{FAE04EC0-301F-11D3-BF4B-00C04F79EFBC}") = "CapaNegocio", "CapaNegocio\CapaNegocio.csproj", "{73D1ED9F-961A-4823-BEF0-F54BF9855E2C}"
EndProject
Project("{FAE04EC0-301F-11D3-BF4B-00C04F79EFBC}") = "CapaEntidad", "CapaEntidad\CapaEntidad.csproj", "{DCD704AB-65C2-4073-B57E-4131CF6E99DB}"
EndProject
Global
	GlobalSection(SolutionConfigurationPlatforms) = preSolution
		Debug|Any CPU = Debug|Any CPU
		Release|Any CPU = Release|Any CPU
	EndGlobalSection
	GlobalSection(ProjectConfigurationPlatforms) = postSolution
		{E2427AFD-911B-4D75-B5E7-CE31C172D1B5}.Debug|Any CPU.ActiveCfg = Debug|Any CPU
		{E2427AFD-911B-4D75-B5E7-CE31C172D1B5}.Debug|Any CPU.Build.0 = Debug|Any CPU
		{E2427AFD-911B-4D75-B5E7-CE31C172D1B5}.Release|Any CPU.ActiveCfg = Release|Any CPU
		{E2427AFD-911B-4D75-B5E7-CE31C172D1B5}.Release|Any CPU.Build.0 = Release|Any CPU
		{438F14A1-3E76-4549-AFBF-7E161ACDAE5A}.Debug|Any CPU.ActiveCfg = Debug|Any CPU
		{438F14A1-3E76-4549-AFBF-7E161ACDAE5A}.Debug|Any CPU.Build.0 = Debug|Any CPU
		{438F14A1-3E76-4549-AFBF-7E161ACDAE5A}.Release|Any CPU.ActiveCfg = Release|Any CPU
		{438F14A1-3E76-4549-AFBF-7E161ACDAE5A}.Release|Any CPU.Build.0 = Release|Any CPU
		{E20F12CE-C553-4057-B16A-6FAF11BE9EB4}.Debug|Any CPU.ActiveCfg = Debug|Any CPU
		{E20F12CE-C553-4057-B16A-6FAF11BE9EB4}.Debug|Any CPU.Build.0 = Debug|Any CPU
		{E20F12CE-C553-4057-B16A-6FAF11BE9EB4}.Release|Any CPU.ActiveCfg = Release|Any CPU
		{E20F12CE-C553-4057-B16A-6FAF11BE9EB4}.Release|Any CPU.Build.0 = Release|Any CPU
		{76B7BFEF-28BB-4B3C-B8F6-FB8A46F407F3}.Debug|Any CPU.ActiveCfg = Debug|Any CPU
		{76B7BFEF-28BB-4B3C-B8F6-FB8A46F407F3}.Debug|Any CPU.Build.0 = Debug|Any CPU
		{76B7BFEF-28BB-4B3C-B8F6-FB8A46F407F3}.Release|Any CPU.ActiveCfg = Release|Any CPU
		{76B7BFEF-28BB-4B3C-B8F6-FB8A46F407F3}.Release|Any CPU.Build.0 = Release|Any CPU
		{73D1ED9F-961A-4823-BEF0-F54BF9855E2C}.Debug|Any CPU.ActiveCfg = Debug|Any CPU
		{73D1ED9F-961A-4823-BEF0-F54BF9855E2C}.Debug|Any CPU.Build.0 = Debug|Any CPU
		{73D1ED9F-961A-4823-BEF0-F54BF9855E2C}.Release|Any CPU.ActiveCfg = Release|Any CPU
		{73D1ED9F-961A-4823-BEF0-F54BF9855E2C}.Release|Any CPU.Build.0 = Release|Any CPU
		{DCD704AB-65C2-4073-B57E-4131CF6E99DB}.Debug|Any CPU.ActiveCfg = Debug|Any CPU
		{DCD704AB-65C2-4073-B57E-4131CF6E99DB}.Debug|Any CPU.Build.0 = Debug|Any CPU
		{DCD704AB-65C2-4073-B57E-4131CF6E99DB}.Release|Any CPU.ActiveCfg = Release|Any CPU
		{DCD704AB-65C2-4073-B57E-4131CF6E99DB}.Release|Any CPU.Build.0 = Release|Any CPU
	EndGlobalSection
	GlobalSection(SolutionProperties) = preSolution
		HideSolutionNode = FALSE
	EndGlobalSection
	GlobalSection(ExtensibilityGlobals) = postSolution
		SolutionGuid = {26867C76-AC78-4E9B-BB71-41EA666612F9}
	EndGlobalSection
EndGlobal
